
Microsoft Visual Studio Solution File, Format Version 12.00
# Visual Studio Version 17
VisualStudioVersion = 17.8.34330.188
MinimumVisualStudioVersion = 10.0.40219.1
Project("{9A19103F-16F7-4668-BE54-9A1E7A4F7556}") = "RegistroDetalles", "RegistroDetalles.csproj", "{F354DFE6-1C4C-42E1-B5CB-2FA5C3C45A51}"
EndProject
Project("{9A19103F-16F7-4668-BE54-9A1E7A4F7556}") = "RegistroDetalles.Api", "..\RegistroDetalles.Api\RegistroDetalles.Api.csproj", "{86F28429-9D14-4E15-AD77-BEA75FB691E0}"
EndProject
Project("{9A19103F-16F7-4668-BE54-9A1E7A4F7556}") = "Library", "..\Library\Library.csproj", "{D7CD7CF0-C02B-460A-8532-FA1B34C8C2E1}"
EndProject
Global
	GlobalSection(SolutionConfigurationPlatforms) = preSolution
		Debug|Any CPU = Debug|Any CPU
		Release|Any CPU = Release|Any CPU
	EndGlobalSection
	GlobalSection(ProjectConfigurationPlatforms) = postSolution
		{F354DFE6-1C4C-42E1-B5CB-2FA5C3C45A51}.Debug|Any CPU.ActiveCfg = Debug|Any CPU
		{F354DFE6-1C4C-42E1-B5CB-2FA5C3C45A51}.Debug|Any CPU.Build.0 = Debug|Any CPU
		{F354DFE6-1C4C-42E1-B5CB-2FA5C3C45A51}.Release|Any CPU.ActiveCfg = Release|Any CPU
		{F354DFE6-1C4C-42E1-B5CB-2FA5C3C45A51}.Release|Any CPU.Build.0 = Release|Any CPU
		{86F28429-9D14-4E15-AD77-BEA75FB691E0}.Debug|Any CPU.ActiveCfg = Debug|Any CPU
		{86F28429-9D14-4E15-AD77-BEA75FB691E0}.Debug|Any CPU.Build.0 = Debug|Any CPU
		{86F28429-9D14-4E15-AD77-BEA75FB691E0}.Release|Any CPU.ActiveCfg = Release|Any CPU
		{86F28429-9D14-4E15-AD77-BEA75FB691E0}.Release|Any CPU.Build.0 = Release|Any CPU
		{D7CD7CF0-C02B-460A-8532-FA1B34C8C2E1}.Debug|Any CPU.ActiveCfg = Debug|Any CPU
		{D7CD7CF0-C02B-460A-8532-FA1B34C8C2E1}.Debug|Any CPU.Build.0 = Debug|Any CPU
		{D7CD7CF0-C02B-460A-8532-FA1B34C8C2E1}.Release|Any CPU.ActiveCfg = Release|Any CPU
		{D7CD7CF0-C02B-460A-8532-FA1B34C8C2E1}.Release|Any CPU.Build.0 = Release|Any CPU
	EndGlobalSection
	GlobalSection(SolutionProperties) = preSolution
		HideSolutionNode = FALSE
	EndGlobalSection
	GlobalSection(ExtensibilityGlobals) = postSolution
		SolutionGuid = {519201F2-AEBE-4289-ABD9-84D87DE9E7D7}
	EndGlobalSection
EndGlobal
